
Microsoft Visual Studio Solution File, Format Version 12.00
# Visual Studio Version 16
VisualStudioVersion = 16.0.31402.337
MinimumVisualStudioVersion = 10.0.40219.1
Project("{FAE04EC0-301F-11D3-BF4B-00C04F79EFBC}") = "Tiled", "Tiled\Tiled.csproj", "{3FE14D6D-B435-4D6B-A97D-2619496E4AD8}"
EndProject
Global
	GlobalSection(SolutionConfigurationPlatforms) = preSolution
		Debug|Any CPU = Debug|Any CPU
		Debug|x86 = Debug|x86
		Release|Any CPU = Release|Any CPU
		Release|x86 = Release|x86
	EndGlobalSection
	GlobalSection(ProjectConfigurationPlatforms) = postSolution
		{3FE14D6D-B435-4D6B-A97D-2619496E4AD8}.Debug|Any CPU.ActiveCfg = Debug|Any CPU
		{3FE14D6D-B435-4D6B-A97D-2619496E4AD8}.Debug|Any CPU.Build.0 = Debug|Any CPU
		{3FE14D6D-B435-4D6B-A97D-2619496E4AD8}.Debug|x86.ActiveCfg = Debug|x86
		{3FE14D6D-B435-4D6B-A97D-2619496E4AD8}.Debug|x86.Build.0 = Debug|x86
		{3FE14D6D-B435-4D6B-A97D-2619496E4AD8}.Release|Any CPU.ActiveCfg = Release|Any CPU
		{3FE14D6D-B435-4D6B-A97D-2619496E4AD8}.Release|Any CPU.Build.0 = Release|Any CPU
		{3FE14D6D-B435-4D6B-A97D-2619496E4AD8}.Release|x86.ActiveCfg = Release|x86
		{3FE14D6D-B435-4D6B-A97D-2619496E4AD8}.Release|x86.Build.0 = Release|x86
	EndGlobalSection
	GlobalSection(SolutionProperties) = preSolution
		HideSolutionNode = FALSE
	EndGlobalSection
	GlobalSection(ExtensibilityGlobals) = postSolution
		SolutionGuid = {4BA53F35-9C80-48C7-9DE4-CBEE0C9A8239}
	EndGlobalSection
EndGlobal
